
Microsoft Visual Studio Solution File, Format Version 12.00
# Visual Studio 2013
VisualStudioVersion = 12.0.31101.0
MinimumVisualStudioVersion = 10.0.40219.1
Project("{FAE04EC0-301F-11D3-BF4B-00C04F79EFBC}") = "Service", "Service\Service.csproj", "{3D3ED55E-3976-4F38-9135-1751819DE07D}"
EndProject
Project("{FAE04EC0-301F-11D3-BF4B-00C04F79EFBC}") = "Client", "Client\Client.csproj", "{B77E2075-13C4-41C4-A10F-57821EEE3283}"
EndProject
Global
	GlobalSection(SolutionConfigurationPlatforms) = preSolution
		Debug|Any CPU = Debug|Any CPU
		Release|Any CPU = Release|Any CPU
	EndGlobalSection
	GlobalSection(ProjectConfigurationPlatforms) = postSolution
		{3D3ED55E-3976-4F38-9135-1751819DE07D}.Debug|Any CPU.ActiveCfg = Debug|Any CPU
		{3D3ED55E-3976-4F38-9135-1751819DE07D}.Debug|Any CPU.Build.0 = Debug|Any CPU
		{3D3ED55E-3976-4F38-9135-1751819DE07D}.Release|Any CPU.ActiveCfg = Release|Any CPU
		{3D3ED55E-3976-4F38-9135-1751819DE07D}.Release|Any CPU.Build.0 = Release|Any CPU
		{B77E2075-13C4-41C4-A10F-57821EEE3283}.Debug|Any CPU.ActiveCfg = Debug|Any CPU
		{B77E2075-13C4-41C4-A10F-57821EEE3283}.Debug|Any CPU.Build.0 = Debug|Any CPU
		{B77E2075-13C4-41C4-A10F-57821EEE3283}.Release|Any CPU.ActiveCfg = Release|Any CPU
		{B77E2075-13C4-41C4-A10F-57821EEE3283}.Release|Any CPU.Build.0 = Release|Any CPU
	EndGlobalSection
	GlobalSection(SolutionProperties) = preSolution
		HideSolutionNode = FALSE
	EndGlobalSection
EndGlobal
